
Microsoft Visual Studio Solution File, Format Version 12.00
# Visual Studio Version 16
VisualStudioVersion = 16.0.31424.327
MinimumVisualStudioVersion = 10.0.40219.1
Project("{FAE04EC0-301F-11D3-BF4B-00C04F79EFBC}") = "RickAndMortyProject", "RickAndMortyProject\RickAndMortyProject.csproj", "{9C1D4A04-4046-432A-A018-089DA3D7F0ED}"
EndProject
Global
	GlobalSection(SolutionConfigurationPlatforms) = preSolution
		Debug|Any CPU = Debug|Any CPU
		Release|Any CPU = Release|Any CPU
	EndGlobalSection
	GlobalSection(ProjectConfigurationPlatforms) = postSolution
		{9C1D4A04-4046-432A-A018-089DA3D7F0ED}.Debug|Any CPU.ActiveCfg = Debug|Any CPU
		{9C1D4A04-4046-432A-A018-089DA3D7F0ED}.Debug|Any CPU.Build.0 = Debug|Any CPU
		{9C1D4A04-4046-432A-A018-089DA3D7F0ED}.Release|Any CPU.ActiveCfg = Release|Any CPU
		{9C1D4A04-4046-432A-A018-089DA3D7F0ED}.Release|Any CPU.Build.0 = Release|Any CPU
	EndGlobalSection
	GlobalSection(SolutionProperties) = preSolution
		HideSolutionNode = FALSE
	EndGlobalSection
	GlobalSection(ExtensibilityGlobals) = postSolution
		SolutionGuid = {2B3E9D4B-1BF1-4C8D-AD7F-16343B5BF0E1}
	EndGlobalSection
EndGlobal
